Microsoft Visual Studio Solution File, Format Version 12.00
# Visual Studio 2012
Project("{FAE04EC0-301F-11D3-BF4B-00C04F79EFBC}") = "EntryGame", "EntryGame.csproj", "{15BF7A4E-4494-4CBB-B073-09508756E73B}"
EndProject
Global
	GlobalSection(SolutionConfigurationPlatforms) = preSolution
	Debug|Any CPU = Debug|Any CPU
	ExportDebug|Any CPU = ExportDebug|Any CPU
	ExportRelease|Any CPU = ExportRelease|Any CPU
	EndGlobalSection
	GlobalSection(ProjectConfigurationPlatforms) = postSolution
		{15BF7A4E-4494-4CBB-B073-09508756E73B}.Debug|Any CPU.ActiveCfg = Debug|Any CPU
		{15BF7A4E-4494-4CBB-B073-09508756E73B}.Debug|Any CPU.Build.0 = Debug|Any CPU
		{15BF7A4E-4494-4CBB-B073-09508756E73B}.ExportDebug|Any CPU.ActiveCfg = ExportDebug|Any CPU
		{15BF7A4E-4494-4CBB-B073-09508756E73B}.ExportDebug|Any CPU.Build.0 = ExportDebug|Any CPU
		{15BF7A4E-4494-4CBB-B073-09508756E73B}.ExportRelease|Any CPU.ActiveCfg = ExportRelease|Any CPU
		{15BF7A4E-4494-4CBB-B073-09508756E73B}.ExportRelease|Any CPU.Build.0 = ExportRelease|Any CPU
	EndGlobalSection
EndGlobal
